
Microsoft Visual Studio Solution File, Format Version 12.00
# Visual Studio Version 16
VisualStudioVersion = 16.0.30523.141
MinimumVisualStudioVersion = 10.0.40219.1
Project("{FAE04EC0-301F-11D3-BF4B-00C04F79EFBC}") = "PrjMVCFirstApp", "PrjMVCFirstApp\PrjMVCFirstApp.csproj", "{AA46E270-BA6B-44FE-AA34-1F451451DB62}"
EndProject
Global
	GlobalSection(SolutionConfigurationPlatforms) = preSolution
		Debug|Any CPU = Debug|Any CPU
		Release|Any CPU = Release|Any CPU
	EndGlobalSection
	GlobalSection(ProjectConfigurationPlatforms) = postSolution
		{AA46E270-BA6B-44FE-AA34-1F451451DB62}.Debug|Any CPU.ActiveCfg = Debug|Any CPU
		{AA46E270-BA6B-44FE-AA34-1F451451DB62}.Debug|Any CPU.Build.0 = Debug|Any CPU
		{AA46E270-BA6B-44FE-AA34-1F451451DB62}.Release|Any CPU.ActiveCfg = Release|Any CPU
		{AA46E270-BA6B-44FE-AA34-1F451451DB62}.Release|Any CPU.Build.0 = Release|Any CPU
	EndGlobalSection
	GlobalSection(SolutionProperties) = preSolution
		HideSolutionNode = FALSE
	EndGlobalSection
	GlobalSection(ExtensibilityGlobals) = postSolution
		SolutionGuid = {490A77C1-6382-4EB8-BE58-0F1CC5790E96}
	EndGlobalSection
EndGlobal
